// !$*UTF8*$!
{
	archiveVersion = 1;
	classes = {
	};
	objectVersion = 77;
	objects = {

/* Begin PBXContainerItemProxy section */
		7FC3591C2CBEA21700E8E831 /* PBXContainerItemProxy */ = {
			isa = PBXContainerItemProxy;
			containerPortal = 7FC358FD2CBEA21400E8E831 /* Project object */;
			proxyType = 1;
			remoteGlobalIDString = 7FC359042CBEA21400E8E831;
			remoteInfo = SmartFitBites;
		};
		7FC359262CBEA21800E8E831 /* PBXContainerItemProxy */ = {
			isa = PBXContainerItemProxy;
			containerPortal = 7FC358FD2CBEA21400E8E831 /* Project object */;
			proxyType = 1;
			remoteGlobalIDString = 7FC359042CBEA21400E8E831;
			remoteInfo = SmartFitBites;
		};
/* End PBXContainerItemProxy section */

/* Begin PBXFileReference section */
		7FC359052CBEA21400E8E831 /* SmartFitBites.app */ = {isa = PBXFileReference; explicitFileType = wrapper.application; includeInIndex = 0; path = SmartFitBites.app; sourceTree = BUILT_PRODUCTS_DIR; };
		7FC3591B2CBEA21700E8E831 /* SmartFitBitesTests.xctest */ = {isa = PBXFileReference; explicitFileType = wrapper.cfbundle; includeInIndex = 0; path = SmartFitBitesTests.xctest; sourceTree = BUILT_PRODUCTS_DIR; };
		7FC359252CBEA21800E8E831 /* SmartFitBitesUITests.xctest */ = {isa = PBXFileReference; explicitFileType = wrapper.cfbundle; includeInIndex = 0; path = SmartFitBitesUITests.xctest; sourceTree = BUILT_PRODUCTS_DIR; };
/* End PBXFileReference section */

/* Begin PBXFileSystemSynchronizedBuildFileExceptionSet section */
		7FC3592D2CBEA21800E8E831 /* Exceptions for "SmartFitBites" folder in "SmartFitBites" target */ = {
			isa = PBXFileSystemSynchronizedBuildFileExceptionSet;
			membershipExceptions = (
				Info.plist,
			);
			target = 7FC359042CBEA21400E8E831 /* SmartFitBites */;
		};
/* End PBXFileSystemSynchronizedBuildFileExceptionSet section */

/* Begin PBXFileSystemSynchronizedRootGroup section */
		7FC359072CBEA21400E8E831 /* SmartFitBites */ = {
			isa = PBXFileSystemSynchronizedRootGroup;
			exceptions = (
				7FC3592D2CBEA21800E8E831 /* Exceptions for "SmartFitBites" folder in "SmartFitBites" target */,
			);
			path = SmartFitBites;
			sourceTree = "<group>";
		};
		7FC3591E2CBEA21700E8E831 /* SmartFitBitesTests */ = {
			isa = PBXFileSystemSynchronizedRootGroup;
			path = SmartFitBitesTests;
			sourceTree = "<group>";
		};
		7FC359282CBEA21800E8E831 /* SmartFitBitesUITests */ = {
			isa = PBXFileSystemSynchronizedRootGroup;
			path = SmartFitBitesUITests;
			sourceTree = "<group>";
		};
/* End PBXFileSystemSynchronizedRootGroup section */

/* Begin PBXFrameworksBuildPhase section */
		7FC359022CBEA21400E8E831 /* Frameworks */ = {
			isa = PBXFrameworksBuildPhase;
			buildActionMask = 2147483647;
			files = (
			);
			runOnlyForDeploymentPostprocessing = 0;
		};
		7FC359182CBEA21700E8E831 /* Frameworks */ = {
			isa = PBXFrameworksBuildPhase;
			buildActionMask = 2147483647;
			files = (
			);
			runOnlyForDeploymentPostprocessing = 0;
		};
		7FC359222CBEA21800E8E831 /* Frameworks */ = {
			isa = PBXFrameworksBuildPhase;
			buildActionMask = 2147483647;
			files = (
			);
			runOnlyForDeploymentPostprocessing = 0;
		};
/* End PBXFrameworksBuildPhase section */

/* Begin PBXGroup section */
		7FC358FC2CBEA21400E8E831 = {
			isa = PBXGroup;
			children = (
				7FC359072CBEA21400E8E831 /* SmartFitBites */,
				7FC3591E2CBEA21700E8E831 /* SmartFitBitesTests */,
				7FC359282CBEA21800E8E831 /* SmartFitBitesUITests */,
				7FC359062CBEA21400E8E831 /* Products */,
			);
			sourceTree = "<group>";
		};
		7FC359062CBEA21400E8E831 /* Products */ = {
			isa = PBXGroup;
			children = (
				7FC359052CBEA21400E8E831 /* SmartFitBites.app */,
				7FC3591B2CBEA21700E8E831 /* SmartFitBitesTests.xctest */,
				7FC359252CBEA21800E8E831 /* SmartFitBitesUITests.xctest */,
			);
			name = Products;
			sourceTree = "<group>";
		};
/* End PBXGroup section */

/* Begin PBXNativeTarget section */
		7FC359042CBEA21400E8E831 /* SmartFitBites */ = {
			isa = PBXNativeTarget;
			buildConfigurationList = 7FC3592E2CBEA21800E8E831 /* Build configuration list for PBXNativeTarget "SmartFitBites" */;
			buildPhases = (
				7FC359012CBEA21400E8E831 /* Sources */,
				7FC359022CBEA21400E8E831 /* Frameworks */,
				7FC359032CBEA21400E8E831 /* Resources */,
			);
			buildRules = (
			);
			dependencies = (
			);
			fileSystemSynchronizedGroups = (
				7FC359072CBEA21400E8E831 /* SmartFitBites */,
			);
			name = SmartFitBites;
			packageProductDependencies = (
			);
			productName = SmartFitBites;
			productReference = 7FC359052CBEA21400E8E831 /* SmartFitBites.app */;
			productType = "com.apple.product-type.application";
		};
		7FC3591A2CBEA21700E8E831 /* SmartFitBitesTests */ = {
			isa = PBXNativeTarget;
			buildConfigurationList = 7FC359332CBEA21800E8E831 /* Build configuration list for PBXNativeTarget "SmartFitBitesTests" */;
			buildPhases = (
				7FC359172CBEA21700E8E831 /* Sources */,
				7FC359182CBEA21700E8E831 /* Frameworks */,
				7FC359192CBEA21700E8E831 /* Resources */,
			);
			buildRules = (
			);
			dependencies = (
				7FC3591D2CBEA21700E8E831 /* PBXTargetDependency */,
			);
			fileSystemSynchronizedGroups = (
				7FC3591E2CBEA21700E8E831 /* SmartFitBitesTests */,
			);
			name = SmartFitBitesTests;
			packageProductDependencies = (
			);
			productName = SmartFitBitesTests;
			productReference = 7FC3591B2CBEA21700E8E831 /* SmartFitBitesTests.xctest */;
			productType = "com.apple.product-type.bundle.unit-test";
		};
		7FC359242CBEA21800E8E831 /* SmartFitBitesUITests */ = {
			isa = PBXNativeTarget;
			buildConfigurationList = 7FC359362CBEA21800E8E831 /* Build configuration list for PBXNativeTarget "SmartFitBitesUITests" */;
			buildPhases = (
				7FC359212CBEA21800E8E831 /* Sources */,
				7FC359222CBEA21800E8E831 /* Frameworks */,
				7FC359232CBEA21800E8E831 /* Resources */,
			);
			buildRules = (
			);
			dependencies = (
				7FC359272CBEA21800E8E831 /* PBXTargetDependency */,
			);
			fileSystemSynchronizedGroups = (
				7FC359282CBEA21800E8E831 /* SmartFitBitesUITests */,
			);
			name = SmartFitBitesUITests;
			packageProductDependencies = (
			);
			productName = SmartFitBitesUITests;
			productReference = 7FC359252CBEA21800E8E831 /* SmartFitBitesUITests.xctest */;
			productType = "com.apple.product-type.bundle.ui-testing";
		};
/* End PBXNativeTarget section */

/* Begin PBXProject section */
		7FC358FD2CBEA21400E8E831 /* Project object */ = {
			isa = PBXProject;
			attributes = {
				BuildIndependentTargetsInParallel = 1;
				LastSwiftUpdateCheck = 1600;
				LastUpgradeCheck = 1600;
				TargetAttributes = {
					7FC359042CBEA21400E8E831 = {
						CreatedOnToolsVersion = 16.0;
					};
					7FC3591A2CBEA21700E8E831 = {
						CreatedOnToolsVersion = 16.0;
						TestTargetID = 7FC359042CBEA21400E8E831;
					};
					7FC359242CBEA21800E8E831 = {
						CreatedOnToolsVersion = 16.0;
						TestTargetID = 7FC359042CBEA21400E8E831;
					};
				};
			};
			buildConfigurationList = 7FC359002CBEA21400E8E831 /* Build configuration list for PBXProject "SmartFitBites" */;
			developmentRegion = en;
			hasScannedForEncodings = 0;
			knownRegions = (
				en,
				Base,
			);
			mainGroup = 7FC358FC2CBEA21400E8E831;
			minimizedProjectReferenceProxies = 1;
			preferredProjectObjectVersion = 77;
			productRefGroup = 7FC359062CBEA21400E8E831 /* Products */;
			projectDirPath = "";
			projectRoot = "";
			targets = (
				7FC359042CBEA21400E8E831 /* SmartFitBites */,
				7FC3591A2CBEA21700E8E831 /* SmartFitBitesTests */,
				7FC359242CBEA21800E8E831 /* SmartFitBitesUITests */,
			);
		};
/* End PBXProject section */

/* Begin PBXResourcesBuildPhase section */
		7FC359032CBEA21400E8E831 /* Resources */ = {
			isa = PBXResourcesBuildPhase;
			buildActionMask = 2147483647;
			files = (
			);
			runOnlyForDeploymentPostprocessing = 0;
		};
		7FC359192CBEA21700E8E831 /* Resources */ = {
			isa = PBXResourcesBuildPhase;
			buildActionMask = 2147483647;
			files = (
			);
			runOnlyForDeploymentPostprocessing = 0;
		};
		7FC359232CBEA21800E8E831 /* Resources */ = {
			isa = PBXResourcesBuildPhase;
			buildActionMask = 2147483647;
			files = (
			);
			runOnlyForDeploymentPostprocessing = 0;
		};
/* End PBXResourcesBuildPhase section */

/* Begin PBXSourcesBuildPhase section */
		7FC359012CBEA21400E8E831 /* Sources */ = {
			isa = PBXSourcesBuildPhase;
			buildActionMask = 2147483647;
			files = (
			);
			runOnlyForDeploymentPostprocessing = 0;
		};
		7FC359172CBEA21700E8E831 /* Sources */ = {
			isa = PBXSourcesBuildPhase;
			buildActionMask = 2147483647;
			files = (
			);
			runOnlyForDeploymentPostprocessing = 0;
		};
		7FC359212CBEA21800E8E831 /* Sources */ = {
			isa = PBXSourcesBuildPhase;
			buildActionMask = 2147483647;
			files = (
			);
			runOnlyForDeploymentPostprocessing = 0;
		};
/* End PBXSourcesBuildPhase section */

/* Begin PBXTargetDependency section */
		7FC3591D2CBEA21700E8E831 /* PBXTargetDependency */ = {
			isa = PBXTargetDependency;
			target = 7FC359042CBEA21400E8E831 /* SmartFitBites */;
			targetProxy = 7FC3591C2CBEA21700E8E831 /* PBXContainerItemProxy */;
		};
		7FC359272CBEA21800E8E831 /* PBXTargetDependency */ = {
			isa = PBXTargetDependency;
			target = 7FC359042CBEA21400E8E831 /* SmartFitBites */;
			targetProxy = 7FC359262CBEA21800E8E831 /* PBXContainerItemProxy */;
		};
/* End PBXTargetDependency section */

/* Begin XCBuildConfiguration section */
		7FC3592F2CBEA21800E8E831 /* Debug */ = {
			isa = XCBuildConfiguration;
			buildSettings = {
				ASSETCATALOG_COMPILER_APPICON_NAME = AppIcon;
				ASSETCATALOG_COMPILER_GLOBAL_ACCENT_COLOR_NAME = AccentColor;
				CODE_SIGN_STYLE = Automatic;
				CURRENT_PROJECT_VERSION = 1;
				GENERATE_INFOPLIST_FILE = YES;
				INFOPLIST_FILE = SmartFitBites/Info.plist;
				INFOPLIST_KEY_UIApplicationSupportsIndirectInputEvents = YES;
				INFOPLIST_KEY_UILaunchStoryboardName = LaunchScreen;
				INFOPLIST_KEY_UIMainStoryboardFile = Main;
				INFOPLIST_KEY_UISupportedInterfaceOrientations_iPad = "UIInterfaceOrientationPortrait UIInterfaceOrientationPortraitUpsideDown UIInterfaceOrientationLandscapeLeft UIInterfaceOrientationLandscapeRight";
				INFOPLIST_KEY_UISupportedInterfaceOrientations_iPhone = "UIInterfaceOrientationPortrait UIInterfaceOrientationLandscapeLeft UIInterfaceOrientationLandscapeRight";
				LD_RUNPATH_SEARCH_PATHS = (
					"$(inherited)",
					"@executable_path/Frameworks",
				);
				MARKETING_VERSION = 1.0;
				PRODUCT_BUNDLE_IDENTIFIER = sfb.SmartFitBites;
				PRODUCT_NAME = "$(TARGET_NAME)";
				SWIFT_EMIT_LOC_STRINGS = YES;
				SWIFT_VERSION = 5.0;
				TARGETED_DEVICE_FAMILY = "1,2";
			};
			name = Debug;
		};
		7FC359302CBEA21800E8E831 /* Release */ = {
			isa = XCBuildConfiguration;
			buildSettings = {
				ASSETCATALOG_COMPILER_APPICON_NAME = AppIcon;
				ASSETCATALOG_COMPILER_GLOBAL_ACCENT_COLOR_NAME = AccentColor;
				CODE_SIGN_STYLE = Automatic;
				CURRENT_PROJECT_VERSION = 1;
				GENERATE_INFOPLIST_FILE = YES;
				INFOPLIST_FILE = SmartFitBites/Info.plist;
				INFOPLIST_KEY_UIApplicationSupportsIndirectInputEvents = YES;
				INFOPLIST_KEY_UILaunchStoryboardName = LaunchScreen;
				INFOPLIST_KEY_UIMainStoryboardFile = Main;
				INFOPLIST_KEY_UISupportedInterfaceOrientations_iPad = "UIInterfaceOrientationPortrait UIInterfaceOrientationPortraitUpsideDown UIInterfaceOrientationLandscapeLeft UIInterfaceOrientationLandscapeRight";
				INFOPLIST_KEY_UISupportedInterfaceOrientations_iPhone = "UIInterfaceOrientationPortrait UIInterfaceOrientationLandscapeLeft UIInterfaceOrientationLandscapeRight";
				LD_RUNPATH_SEARCH_PATHS = (
					"$(inherited)",
					"@executable_path/Frameworks",
				);
				MARKETING_VERSION = 1.0;
				PRODUCT_BUNDLE_IDENTIFIER = sfb.SmartFitBites;
				PRODUCT_NAME = "$(TARGET_NAME)";
				SWIFT_EMIT_LOC_STRINGS = YES;
				SWIFT_VERSION = 5.0;
				TARGETED_DEVICE_FAMILY = "1,2";
			};
			name = Release;
		};
		7FC359312CBEA21800E8E831 /* Debug */ = {
			isa = XCBuildConfiguration;
			buildSettings = {
				ALWAYS_SEARCH_USER_PATHS = NO;
				ASSETCATALOG_COMPILER_GENERATE_SWIFT_ASSET_SYMBOL_EXTENSIONS = YES;
				CLANG_ANALYZER_NONNULL = YES;
				CLANG_ANALYZER_NUMBER_OBJECT_CONVERSION = YES_AGGRESSIVE;
				CLANG_CXX_LANGUAGE_STANDARD = "gnu++20";
				CLANG_ENABLE_MODULES = YES;
				CLANG_ENABLE_OBJC_ARC = YES;
				CLANG_ENABLE_OBJC_WEAK = YES;
				CLANG_WARN_BLOCK_CAPTURE_AUTORELEASING = YES;
				CLANG_WARN_BOOL_CONVERSION = YES;
				CLANG_WARN_COMMA = YES;
				CLANG_WARN_CONSTANT_CONVERSION = YES;
				CLANG_WARN_DEPRECATED_OBJC_IMPLEMENTATIONS = YES;
				CLANG_WARN_DIRECT_OBJC_ISA_USAGE = YES_ERROR;
				CLANG_WARN_DOCUMENTATION_COMMENTS = YES;
				CLANG_WARN_EMPTY_BODY = YES;
				CLANG_WARN_ENUM_CONVERSION = YES;
				CLANG_WARN_INFINITE_RECURSION = YES;
				CLANG_WARN_INT_CONVERSION = YES;
				CLANG_WARN_NON_LITERAL_NULL_CONVERSION = YES;
				CLANG_WARN_OBJC_IMPLICIT_RETAIN_SELF = YES;
				CLANG_WARN_OBJC_LITERAL_CONVERSION = YES;
				CLANG_WARN_OBJC_ROOT_CLASS = YES_ERROR;
				CLANG_WARN_QUOTED_INCLUDE_IN_FRAMEWORK_HEADER = YES;
				CLANG_WARN_RANGE_LOOP_ANALYSIS = YES;
				CLANG_WARN_STRICT_PROTOTYPES = YES;
				CLANG_WARN_SUSPICIOUS_MOVE = YES;
				CLANG_WARN_UNGUARDED_AVAILABILITY = YES_AGGRESSIVE;
				CLANG_WARN_UNREACHABLE_CODE = YES;
				CLANG_WARN__DUPLICATE_METHOD_MATCH = YES;
				COPY_PHASE_STRIP = NO;
				DEBUG_INFORMATION_FORMAT = dwarf;
				ENABLE_STRICT_OBJC_MSGSEND = YES;
				ENABLE_TESTABILITY = YES;
				ENABLE_USER_SCRIPT_SANDBOXING = YES;
				GCC_C_LANGUAGE_STANDARD = gnu17;
				GCC_DYNAMIC_NO_PIC = NO;
				GCC_NO_COMMON_BLOCKS = YES;
				GCC_OPTIMIZATION_LEVEL = 0;
				GCC_PREPROCESSOR_DEFINITIONS = (
					"DEBUG=1",
					"$(inherited)",
				);
				GCC_WARN_64_TO_32_BIT_CONVERSION = YES;
				GCC_WARN_ABOUT_RETURN_TYPE = YES_ERROR;
				GCC_WARN_UNDECLARED_SELECTOR = YES;
				GCC_WARN_UNINITIALIZED_AUTOS = YES_AGGRESSIVE;
				GCC_WARN_UNUSED_FUNCTION = YES;
				GCC_WARN_UNUSED_VARIABLE = YES;
				IPHONEOS_DEPLOYMENT_TARGET = 18.0;
				LOCALIZATION_PREFERS_STRING_CATALOGS = YES;
				MTL_ENABLE_DEBUG_INFO = INCLUDE_SOURCE;
				MTL_FAST_MATH = YES;
				ONLY_ACTIVE_ARCH = YES;
				SDKROOT = iphoneos;
				SWIFT_ACTIVE_COMPILATION_CONDITIONS = "DEBUG $(inherited)";
				SWIFT_OPTIMIZATION_LEVEL = "-Onone";
			};
			name = Debug;
		};
		7FC359322CBEA21800E8E831 /* Release */ = {
			isa = XCBuildConfiguration;
			buildSettings = {
				ALWAYS_SEARCH_USER_PATHS = NO;
				ASSETCATALOG_COMPILER_GENERATE_SWIFT_ASSET_SYMBOL_EXTENSIONS = YES;
				CLANG_ANALYZER_NONNULL = YES;
				CLANG_ANALYZER_NUMBER_OBJECT_CONVERSION = YES_AGGRESSIVE;
				CLANG_CXX_LANGUAGE_STANDARD = "gnu++20";
				CLANG_ENABLE_MODULES = YES;
				CLANG_ENABLE_OBJC_ARC = YES;
				CLANG_ENABLE_OBJC_WEAK = YES;
				CLANG_WARN_BLOCK_CAPTURE_AUTORELEASING = YES;
				CLANG_WARN_BOOL_CONVERSION = YES;
				CLANG_WARN_COMMA = YES;
				CLANG_WARN_CONSTANT_CONVERSION = YES;
				CLANG_WARN_DEPRECATED_OBJC_IMPLEMENTATIONS = YES;
				CLANG_WARN_DIRECT_OBJC_ISA_USAGE = YES_ERROR;
				CLANG_WARN_DOCUMENTATION_COMMENTS = YES;
				CLANG_WARN_EMPTY_BODY = YES;
				CLANG_WARN_ENUM_CONVERSION = YES;
				CLANG_WARN_INFINITE_RECURSION = YES;
				CLANG_WARN_INT_CONVERSION = YES;
				CLANG_WARN_NON_LITERAL_NULL_CONVERSION = YES;
				CLANG_WARN_OBJC_IMPLICIT_RETAIN_SELF = YES;
				CLANG_WARN_OBJC_LITERAL_CONVERSION = YES;
				CLANG_WARN_OBJC_ROOT_CLASS = YES_ERROR;
				CLANG_WARN_QUOTED_INCLUDE_IN_FRAMEWORK_HEADER = YES;
				CLANG_WARN_RANGE_LOOP_ANALYSIS = YES;
				CLANG_WARN_STRICT_PROTOTYPES = YES;
				CLANG_WARN_SUSPICIOUS_MOVE = YES;
				CLANG_WARN_UNGUARDED_AVAILABILITY = YES_AGGRESSIVE;
				CLANG_WARN_UNREACHABLE_CODE = YES;
				CLANG_WARN__DUPLICATE_METHOD_MATCH = YES;
				COPY_PHASE_STRIP = NO;
				DEBUG_INFORMATION_FORMAT = "dwarf-with-dsym";
				ENABLE_NS_ASSERTIONS = NO;
				ENABLE_STRICT_OBJC_MSGSEND = YES;
				ENABLE_USER_SCRIPT_SANDBOXING = YES;
				GCC_C_LANGUAGE_STANDARD = gnu17;
				GCC_NO_COMMON_BLOCKS = YES;
				GCC_WARN_64_TO_32_BIT_CONVERSION = YES;
				GCC_WARN_ABOUT_RETURN_TYPE = YES_ERROR;
				GCC_WARN_UNDECLARED_SELECTOR = YES;
				GCC_WARN_UNINITIALIZED_AUTOS = YES_AGGRESSIVE;
				GCC_WARN_UNUSED_FUNCTION = YES;
				GCC_WARN_UNUSED_VARIABLE = YES;
				IPHONEOS_DEPLOYMENT_TARGET = 18.0;
				LOCALIZATION_PREFERS_STRING_CATALOGS = YES;
				MTL_ENABLE_DEBUG_INFO = NO;
				MTL_FAST_MATH = YES;
				SDKROOT = iphoneos;
				SWIFT_COMPILATION_MODE = wholemodule;
				VALIDATE_PRODUCT = YES;
			};
			name = Release;
		};
		7FC359342CBEA21800E8E831 /* Debug */ = {
			isa = XCBuildConfiguration;
			buildSettings = {
				BUNDLE_LOADER = "$(TEST_HOST)";
				CODE_SIGN_STYLE = Automatic;
				CURRENT_PROJECT_VERSION = 1;
				GENERATE_INFOPLIST_FILE = YES;
				IPHONEOS_DEPLOYMENT_TARGET = 18.0;
				MARKETING_VERSION = 1.0;
				PRODUCT_BUNDLE_IDENTIFIER = sfb.SmartFitBitesTests;
				PRODUCT_NAME = "$(TARGET_NAME)";
				SWIFT_EMIT_LOC_STRINGS = NO;
				SWIFT_VERSION = 5.0;
				TARGETED_DEVICE_FAMILY = "1,2";
				TEST_HOST = "$(BUILT_PRODUCTS_DIR)/SmartFitBites.app/$(BUNDLE_EXECUTABLE_FOLDER_PATH)/SmartFitBites";
			};
			name = Debug;
		};
		7FC359352CBEA21800E8E831 /* Release */ = {
			isa = XCBuildConfiguration;
			buildSettings = {
				BUNDLE_LOADER = "$(TEST_HOST)";
				CODE_SIGN_STYLE = Automatic;
				CURRENT_PROJECT_VERSION = 1;
				GENERATE_INFOPLIST_FILE = YES;
				IPHONEOS_DEPLOYMENT_TARGET = 18.0;
				MARKETING_VERSION = 1.0;
				PRODUCT_BUNDLE_IDENTIFIER = sfb.SmartFitBitesTests;
				PRODUCT_NAME = "$(TARGET_NAME)";
				SWIFT_EMIT_LOC_STRINGS = NO;
				SWIFT_VERSION = 5.0;
				TARGETED_DEVICE_FAMILY = "1,2";
				TEST_HOST = "$(BUILT_PRODUCTS_DIR)/SmartFitBites.app/$(BUNDLE_EXECUTABLE_FOLDER_PATH)/SmartFitBites";
			};
			name = Release;
		};
		7FC359372CBEA21800E8E831 /* Debug */ = {
			isa = XCBuildConfiguration;
			buildSettings = {
				CODE_SIGN_STYLE = Automatic;
				CURRENT_PROJECT_VERSION = 1;
				GENERATE_INFOPLIST_FILE = YES;
				MARKETING_VERSION = 1.0;
				PRODUCT_BUNDLE_IDENTIFIER = sfb.SmartFitBitesUITests;
				PRODUCT_NAME = "$(TARGET_NAME)";
				SWIFT_EMIT_LOC_STRINGS = NO;
				SWIFT_VERSION = 5.0;
				TARGETED_DEVICE_FAMILY = "1,2";
				TEST_TARGET_NAME = SmartFitBites;
			};
			name = Debug;
		};
		7FC359382CBEA21800E8E831 /* Release */ = {
			isa = XCBuildConfiguration;
			buildSettings = {
				CODE_SIGN_STYLE = Automatic;
				CURRENT_PROJECT_VERSION = 1;
				GENERATE_INFOPLIST_FILE = YES;
				MARKETING_VERSION = 1.0;
				PRODUCT_BUNDLE_IDENTIFIER = sfb.SmartFitBitesUITests;
				PRODUCT_NAME = "$(TARGET_NAME)";
				SWIFT_EMIT_LOC_STRINGS = NO;
				SWIFT_VERSION = 5.0;
				TARGETED_DEVICE_FAMILY = "1,2";
				TEST_TARGET_NAME = SmartFitBites;
			};
			name = Release;
		};
/* End XCBuildConfiguration section */

/* Begin XCConfigurationList section */
		7FC359002CBEA21400E8E831 /* Build configuration list for PBXProject "SmartFitBites" */ = {
			isa = XCConfigurationList;
			buildConfigurations = (
				7FC359312CBEA21800E8E831 /* Debug */,
				7FC359322CBEA21800E8E831 /* Release */,
			);
			defaultConfigurationIsVisible = 0;
			defaultConfigurationName = Release;
		};
		7FC3592E2CBEA21800E8E831 /* Build configuration list for PBXNativeTarget "SmartFitBites" */ = {
			isa = XCConfigurationList;
			buildConfigurations = (
				7FC3592F2CBEA21800E8E831 /* Debug */,
				7FC359302CBEA21800E8E831 /* Release */,
			);
			defaultConfigurationIsVisible = 0;
			defaultConfigurationName = Release;
		};
		7FC359332CBEA21800E8E831 /* Build configuration list for PBXNativeTarget "SmartFitBitesTests" */ = {
			isa = XCConfigurationList;
			buildConfigurations = (
				7FC359342CBEA21800E8E831 /* Debug */,
				7FC359352CBEA21800E8E831 /* Release */,
			);
			defaultConfigurationIsVisible = 0;
			defaultConfigurationName = Release;
		};
		7FC359362CBEA21800E8E831 /* Build configuration list for PBXNativeTarget "SmartFitBitesUITests" */ = {
			isa = XCConfigurationList;
			buildConfigurations = (
				7FC359372CBEA21800E8E831 /* Debug */,
				7FC359382CBEA21800E8E831 /* Release */,
			);
			defaultConfigurationIsVisible = 0;
			defaultConfigurationName = Release;
		};
/* End XCConfigurationList section */
	};
	rootObject = 7FC358FD2CBEA21400E8E831 /* Project object */;
}
